PODS:
  - Alamofire (4.5.0)
  - Firebase/Core (4.0.4):
    - FirebaseAnalytics (= 4.0.2)
    - FirebaseCore (= 4.0.4)
  - FirebaseAnalytics (4.0.2):
    - FirebaseCore (~> 4.0)
    - FirebaseInstanceID (~> 2.0)
    - GoogleToolboxForMac/NSData+zlib (~> 2.1)
  - FirebaseCore (4.0.4):
    - GoogleToolboxForMac/NSData+zlib (~> 2.1)
    - nanopb (~> 0.3)
  - FirebaseInstanceID (2.0.0):
    - FirebaseCore (~> 4.0)
  - GoogleToolboxForMac/Defines (2.1.1)
  - GoogleToolboxForMac/NSData+zlib (2.1.1):
    - GoogleToolboxForMac/Defines (= 2.1.1)
  - nanopb (0.3.8):
    - nanopb/decode (= 0.3.8)
    - nanopb/encode (= 0.3.8)
  - nanopb/decode (0.3.8)
  - nanopb/encode (0.3.8)
  - SDWebImage (3.8.2):
    - SDWebImage/Core (= 3.8.2)
  - SDWebImage/Core (3.8.2)
  - SKYLINK (1.0.11.2):
    - SocketRocket (~> 0.3.1-beta2)
    - tema-ios-ntp (~> 1.0.0)
  - SocketRocket (0.3.1-beta2)
  - tema-ios-ntp (1.0.0)

DEPENDENCIES:
  - Alamofire (~> 4.4)
  - Firebase/Core
  - SDWebImage (~> 3.8)
  - SKYLINK

SPEC CHECKSUMS:
  Alamofire: f28cdffd29de33a7bfa022cbd63ae95a27fae140
  Firebase: 1492bf04e1b73a7353b4fb2cf5a20bac9692f341
  FirebaseAnalytics: ad41720e3e67fc63fbe3d2948d3e26932a8de311
  FirebaseCore: cfc042628ef9f20debe09c0eb683135fcd404cb4
  FirebaseInstanceID: 9fbf536668f4d3f0880e7438456dabd1376e294b
  GoogleToolboxForMac: 8e329f1b599f2512c6b10676d45736bcc2cbbeb0
  nanopb: 22bc080fa3955e2116b6ff3ee6c2cb3c15ab97cb
  SDWebImage: 098e97e6176540799c27e804c96653ee0833d13c
  SKYLINK: 5b47b7e44f03c2467bf661ec25ea2e19c062aa50
  SocketRocket: 7284ab9370a06c99aba92b2fe3a32aedd0f9a6fa
  tema-ios-ntp: a6f001396b5944bff739f409dc422966e5b08408

PODFILE CHECKSUM: a692665ebcad77ceeb98df0879dd891a5d666993

COCOAPODS: 1.2.0
