// !$*UTF8*$!
{
	archiveVersion = 1;
	classes = {
	};
	objectVersion = 46;
	objects = {

/* Begin PBXBuildFile section */
		92C7E6761EDEA4C200D7170A /* AppDelegate.swift in Sources */ = {isa = PBXBuildFile; fileRef = 92C7E6751EDEA4C200D7170A /* AppDelegate.swift */; };
		92C7E6781EDEA4C200D7170A /* MainVC.swift in Sources */ = {isa = PBXBuildFile; fileRef = 92C7E6771EDEA4C200D7170A /* MainVC.swift */; };
		92C7E67B1EDEA4C200D7170A /* Main.storyboard in Resources */ = {isa = PBXBuildFile; fileRef = 92C7E6791EDEA4C200D7170A /* Main.storyboard */; };
		92C7E67E1EDEA4C200D7170A /* LOOP.xcdatamodeld in Sources */ = {isa = PBXBuildFile; fileRef = 92C7E67C1EDEA4C200D7170A /* LOOP.xcdatamodeld */; };
		92C7E6801EDEA4C200D7170A /* Assets.xcassets in Resources */ = {isa = PBXBuildFile; fileRef = 92C7E67F1EDEA4C200D7170A /* Assets.xcassets */; };
		92C7E6831EDEA4C200D7170A /* LaunchScreen.storyboard in Resources */ = {isa = PBXBuildFile; fileRef = 92C7E6811EDEA4C200D7170A /* LaunchScreen.storyboard */; };
		92C7E68B1EDEB03500D7170A /* signinVC.swift in Sources */ = {isa = PBXBuildFile; fileRef = 92C7E68A1EDEB03500D7170A /* signinVC.swift */; };
		92C7E68D1EDEB04700D7170A /* signupVC.swift in Sources */ = {isa = PBXBuildFile; fileRef = 92C7E68C1EDEB04700D7170A /* signupVC.swift */; };
		92C7E6991EDFF98B00D7170A /* Constent.swift in Sources */ = {isa = PBXBuildFile; fileRef = 92C7E6981EDFF98B00D7170A /* Constent.swift */; };
		92C7E69B1EE0349000D7170A /* forgetpassVC.swift in Sources */ = {isa = PBXBuildFile; fileRef = 92C7E69A1EE0349000D7170A /* forgetpassVC.swift */; };
		92C7E69F1EE13ACF00D7170A /* ProjectsVC.swift in Sources */ = {isa = PBXBuildFile; fileRef = 92C7E69E1EE13ACF00D7170A /* ProjectsVC.swift */; };
		92C7E6A11EE13AFE00D7170A /* ContactsVC.swift in Sources */ = {isa = PBXBuildFile; fileRef = 92C7E6A01EE13AFE00D7170A /* ContactsVC.swift */; };
		92C7E6A31EE13B3500D7170A /* MeetingsVC.swift in Sources */ = {isa = PBXBuildFile; fileRef = 92C7E6A21EE13B3500D7170A /* MeetingsVC.swift */; };
		92C7E6A51EE13B5700D7170A /* SettingsVC.swift in Sources */ = {isa = PBXBuildFile; fileRef = 92C7E6A41EE13B5700D7170A /* SettingsVC.swift */; };
		92C7E6A71EE146F300D7170A /* ChatVC.swift in Sources */ = {isa = PBXBuildFile; fileRef = 92C7E6A61EE146F300D7170A /* ChatVC.swift */; };
		92D5B70F1EE4278700E4BD5D /* TabBarVC.swift in Sources */ = {isa = PBXBuildFile; fileRef = 92D5B70E1EE4278700E4BD5D /* TabBarVC.swift */; };
		92D5B7111EE5236B00E4BD5D /* DisplayContactsVC.swift in Sources */ = {isa = PBXBuildFile; fileRef = 92D5B7101EE5236B00E4BD5D /* DisplayContactsVC.swift */; };
		92D5B71B1EE542DC00E4BD5D /* PersonCell.swift in Sources */ = {isa = PBXBuildFile; fileRef = 92D5B71A1EE542DC00E4BD5D /* PersonCell.swift */; };
		92D5B71D1EE5743C00E4BD5D /* DisplayMyContacts.swift in Sources */ = {isa = PBXBuildFile; fileRef = 92D5B71C1EE5743C00E4BD5D /* DisplayMyContacts.swift */; };
		92D5B7211EE580CA00E4BD5D /* MyContactsCell.swift in Sources */ = {isa = PBXBuildFile; fileRef = 92D5B7201EE580CA00E4BD5D /* MyContactsCell.swift */; };
		92D5B7281EE6D0C300E4BD5D /* CreateTeamVC.swift in Sources */ = {isa = PBXBuildFile; fileRef = 92D5B7271EE6D0C300E4BD5D /* CreateTeamVC.swift */; };
		92D5B72A1EE7CF7000E4BD5D /* AddTeamMembersVC.swift in Sources */ = {isa = PBXBuildFile; fileRef = 92D5B7291EE7CF7000E4BD5D /* AddTeamMembersVC.swift */; };
		92D5B72C1EE7D0B800E4BD5D /* AddMembersCell.swift in Sources */ = {isa = PBXBuildFile; fileRef = 92D5B72B1EE7D0B800E4BD5D /* AddMembersCell.swift */; };
		92D5B7301EEA7C3100E4BD5D /* AddMeetingVC.swift in Sources */ = {isa = PBXBuildFile; fileRef = 92D5B72F1EEA7C3100E4BD5D /* AddMeetingVC.swift */; };
		92D5B7321EEA7EEC00E4BD5D /* MeetingCell.swift in Sources */ = {isa = PBXBuildFile; fileRef = 92D5B7311EEA7EEC00E4BD5D /* MeetingCell.swift */; };
		92D5B7341EEAA75C00E4BD5D /* ChooseMembersFromMyContactsVC.swift in Sources */ = {isa = PBXBuildFile; fileRef = 92D5B7331EEAA75C00E4BD5D /* ChooseMembersFromMyContactsVC.swift */; };
		92D5B7361EEAA7B600E4BD5D /* ChooseMemberCell.swift in Sources */ = {isa = PBXBuildFile; fileRef = 92D5B7351EEAA7B600E4BD5D /* ChooseMemberCell.swift */; };
		92F51E141EEFD3C700F9DAEF /* ViewTeamMembersVC.swift in Sources */ = {isa = PBXBuildFile; fileRef = 92F51E131EEFD3C700F9DAEF /* ViewTeamMembersVC.swift */; };
		92F51E161EF000C700F9DAEF /* ProjectCell.swift in Sources */ = {isa = PBXBuildFile; fileRef = 92F51E151EF000C700F9DAEF /* ProjectCell.swift */; };
		92F51E191EF0047B00F9DAEF /* NotificationModel.swift in Sources */ = {isa = PBXBuildFile; fileRef = 92F51E181EF0047B00F9DAEF /* NotificationModel.swift */; };
		92F51E1C1EF14ACC00F9DAEF /* SelectTeamVC.swift in Sources */ = {isa = PBXBuildFile; fileRef = 92F51E1B1EF14ACC00F9DAEF /* SelectTeamVC.swift */; };
		92F51E1E1EF151F900F9DAEF /* ChooseTeamMemberVC.swift in Sources */ = {isa = PBXBuildFile; fileRef = 92F51E1D1EF151F900F9DAEF /* ChooseTeamMemberVC.swift */; };
		92F51E201EF1537F00F9DAEF /* ViewTeamMembersCell.swift in Sources */ = {isa = PBXBuildFile; fileRef = 92F51E1F1EF1537F00F9DAEF /* ViewTeamMembersCell.swift */; };
		92F51E241EF290AE00F9DAEF /* ChooseTeamMemberCell.swift in Sources */ = {isa = PBXBuildFile; fileRef = 92F51E231EF290AE00F9DAEF /* ChooseTeamMemberCell.swift */; };
		AE773A134985881AF579A0AB /* Pods_LOOP.framework in Frameworks */ = {isa = PBXBuildFile; fileRef = AA29AACC1509A6CEB3998590 /* Pods_LOOP.framework */; };
/* End PBXBuildFile section */

/* Begin PBXFileReference section */
		24F467655A33F5ABA6E850E1 /* Pods-LOOP.release.xcconfig */ = {isa = PBXFileReference; includeInIndex = 1; lastKnownFileType = text.xcconfig; name = "Pods-LOOP.release.xcconfig"; path = "Pods/Target Support Files/Pods-LOOP/Pods-LOOP.release.xcconfig"; sourceTree = "<group>"; };
		92C7E6721EDEA4C200D7170A /* LOOP.app */ = {isa = PBXFileReference; explicitFileType = wrapper.application; includeInIndex = 0; path = LOOP.app; sourceTree = BUILT_PRODUCTS_DIR; };
		92C7E6751EDEA4C200D7170A /* AppDelegate.swift */ = {isa = PBXFileReference; lastKnownFileType = sourcecode.swift; path = AppDelegate.swift; sourceTree = "<group>"; };
		92C7E6771EDEA4C200D7170A /* MainVC.swift */ = {isa = PBXFileReference; lastKnownFileType = sourcecode.swift; path = MainVC.swift; sourceTree = "<group>"; };
		92C7E67A1EDEA4C200D7170A /* Base */ = {isa = PBXFileReference; lastKnownFileType = file.storyboard; name = Base; path = Base.lproj/Main.storyboard; sourceTree = "<group>"; };
		92C7E67D1EDEA4C200D7170A /* LOOP.xcdatamodel */ = {isa = PBXFileReference; lastKnownFileType = wrapper.xcdatamodel; path = LOOP.xcdatamodel; sourceTree = "<group>"; };
		92C7E67F1EDEA4C200D7170A /* Assets.xcassets */ = {isa = PBXFileReference; lastKnownFileType = folder.assetcatalog; path = Assets.xcassets; sourceTree = "<group>"; };
		92C7E6821EDEA4C200D7170A /* Base */ = {isa = PBXFileReference; lastKnownFileType = file.storyboard; name = Base; path = Base.lproj/LaunchScreen.storyboard; sourceTree = "<group>"; };
		92C7E6841EDEA4C200D7170A /* Info.plist */ = {isa = PBXFileReference; lastKnownFileType = text.plist.xml; path = Info.plist; sourceTree = "<group>"; };
		92C7E68A1EDEB03500D7170A /* signinVC.swift */ = {isa = PBXFileReference; fileEncoding = 4; lastKnownFileType = sourcecode.swift; path = signinVC.swift; sourceTree = "<group>"; };
		92C7E68C1EDEB04700D7170A /* signupVC.swift */ = {isa = PBXFileReference; fileEncoding = 4; lastKnownFileType = sourcecode.swift; path = signupVC.swift; sourceTree = "<group>"; };
		92C7E6981EDFF98B00D7170A /* Constent.swift */ = {isa = PBXFileReference; fileEncoding = 4; lastKnownFileType = sourcecode.swift; path = Constent.swift; sourceTree = "<group>"; };
		92C7E69A1EE0349000D7170A /* forgetpassVC.swift */ = {isa = PBXFileReference; fileEncoding = 4; lastKnownFileType = sourcecode.swift; path = forgetpassVC.swift; sourceTree = "<group>"; };
		92C7E69E1EE13ACF00D7170A /* ProjectsVC.swift */ = {isa = PBXFileReference; fileEncoding = 4; lastKnownFileType = sourcecode.swift; path = ProjectsVC.swift; sourceTree = "<group>"; };
		92C7E6A01EE13AFE00D7170A /* ContactsVC.swift */ = {isa = PBXFileReference; fileEncoding = 4; lastKnownFileType = sourcecode.swift; path = ContactsVC.swift; sourceTree = "<group>"; };
		92C7E6A21EE13B3500D7170A /* MeetingsVC.swift */ = {isa = PBXFileReference; fileEncoding = 4; lastKnownFileType = sourcecode.swift; path = MeetingsVC.swift; sourceTree = "<group>"; };
		92C7E6A41EE13B5700D7170A /* SettingsVC.swift */ = {isa = PBXFileReference; fileEncoding = 4; lastKnownFileType = sourcecode.swift; path = SettingsVC.swift; sourceTree = "<group>"; };
		92C7E6A61EE146F300D7170A /* ChatVC.swift */ = {isa = PBXFileReference; fileEncoding = 4; lastKnownFileType = sourcecode.swift; path = ChatVC.swift; sourceTree = "<group>"; };
		92D5B70E1EE4278700E4BD5D /* TabBarVC.swift */ = {isa = PBXFileReference; fileEncoding = 4; lastKnownFileType = sourcecode.swift; path = TabBarVC.swift; sourceTree = "<group>"; };
		92D5B7101EE5236B00E4BD5D /* DisplayContactsVC.swift */ = {isa = PBXFileReference; fileEncoding = 4; lastKnownFileType = sourcecode.swift; path = DisplayContactsVC.swift; sourceTree = "<group>"; };
		92D5B71A1EE542DC00E4BD5D /* PersonCell.swift */ = {isa = PBXFileReference; fileEncoding = 4; lastKnownFileType = sourcecode.swift; path = PersonCell.swift; sourceTree = "<group>"; };
		92D5B71C1EE5743C00E4BD5D /* DisplayMyContacts.swift */ = {isa = PBXFileReference; fileEncoding = 4; lastKnownFileType = sourcecode.swift; path = DisplayMyContacts.swift; sourceTree = "<group>"; };
		92D5B7201EE580CA00E4BD5D /* MyContactsCell.swift */ = {isa = PBXFileReference; fileEncoding = 4; lastKnownFileType = sourcecode.swift; path = MyContactsCell.swift; sourceTree = "<group>"; };
		92D5B7271EE6D0C300E4BD5D /* CreateTeamVC.swift */ = {isa = PBXFileReference; fileEncoding = 4; lastKnownFileType = sourcecode.swift; path = CreateTeamVC.swift; sourceTree = "<group>"; };
		92D5B7291EE7CF7000E4BD5D /* AddTeamMembersVC.swift */ = {isa = PBXFileReference; fileEncoding = 4; lastKnownFileType = sourcecode.swift; path = AddTeamMembersVC.swift; sourceTree = "<group>"; };
		92D5B72B1EE7D0B800E4BD5D /* AddMembersCell.swift */ = {isa = PBXFileReference; fileEncoding = 4; lastKnownFileType = sourcecode.swift; path = AddMembersCell.swift; sourceTree = "<group>"; };
		92D5B72F1EEA7C3100E4BD5D /* AddMeetingVC.swift */ = {isa = PBXFileReference; fileEncoding = 4; lastKnownFileType = sourcecode.swift; path = AddMeetingVC.swift; sourceTree = "<group>"; };
		92D5B7311EEA7EEC00E4BD5D /* MeetingCell.swift */ = {isa = PBXFileReference; fileEncoding = 4; lastKnownFileType = sourcecode.swift; path = MeetingCell.swift; sourceTree = "<group>"; };
		92D5B7331EEAA75C00E4BD5D /* ChooseMembersFromMyContactsVC.swift */ = {isa = PBXFileReference; fileEncoding = 4; lastKnownFileType = sourcecode.swift; path = ChooseMembersFromMyContactsVC.swift; sourceTree = "<group>"; };
		92D5B7351EEAA7B600E4BD5D /* ChooseMemberCell.swift */ = {isa = PBXFileReference; fileEncoding = 4; lastKnownFileType = sourcecode.swift; path = ChooseMemberCell.swift; sourceTree = "<group>"; };
		92F51E131EEFD3C700F9DAEF /* ViewTeamMembersVC.swift */ = {isa = PBXFileReference; fileEncoding = 4; lastKnownFileType = sourcecode.swift; path = ViewTeamMembersVC.swift; sourceTree = "<group>"; };
		92F51E151EF000C700F9DAEF /* ProjectCell.swift */ = {isa = PBXFileReference; fileEncoding = 4; lastKnownFileType = sourcecode.swift; path = ProjectCell.swift; sourceTree = "<group>"; };
		92F51E181EF0047B00F9DAEF /* NotificationModel.swift */ = {isa = PBXFileReference; fileEncoding = 4; lastKnownFileType = sourcecode.swift; path = NotificationModel.swift; sourceTree = "<group>"; };
		92F51E1B1EF14ACC00F9DAEF /* SelectTeamVC.swift */ = {isa = PBXFileReference; fileEncoding = 4; lastKnownFileType = sourcecode.swift; path = SelectTeamVC.swift; sourceTree = "<group>"; };
		92F51E1D1EF151F900F9DAEF /* ChooseTeamMemberVC.swift */ = {isa = PBXFileReference; fileEncoding = 4; lastKnownFileType = sourcecode.swift; path = ChooseTeamMemberVC.swift; sourceTree = "<group>"; };
		92F51E1F1EF1537F00F9DAEF /* ViewTeamMembersCell.swift */ = {isa = PBXFileReference; fileEncoding = 4; lastKnownFileType = sourcecode.swift; path = ViewTeamMembersCell.swift; sourceTree = "<group>"; };
		92F51E231EF290AE00F9DAEF /* ChooseTeamMemberCell.swift */ = {isa = PBXFileReference; fileEncoding = 4; lastKnownFileType = sourcecode.swift; path = ChooseTeamMemberCell.swift; sourceTree = "<group>"; };
		AA29AACC1509A6CEB3998590 /* Pods_LOOP.framework */ = {isa = PBXFileReference; explicitFileType = wrapper.framework; includeInIndex = 0; path = Pods_LOOP.framework; sourceTree = BUILT_PRODUCTS_DIR; };
		C6C283C86675D607308C88C3 /* Pods-LOOP.debug.xcconfig */ = {isa = PBXFileReference; includeInIndex = 1; lastKnownFileType = text.xcconfig; name = "Pods-LOOP.debug.xcconfig"; path = "Pods/Target Support Files/Pods-LOOP/Pods-LOOP.debug.xcconfig"; sourceTree = "<group>"; };
/* End PBXFileReference section */

/* Begin PBXFrameworksBuildPhase section */
		92C7E66F1EDEA4C200D7170A /* Frameworks */ = {
			isa = PBXFrameworksBuildPhase;
			buildActionMask = 2147483647;
			files = (
				AE773A134985881AF579A0AB /* Pods_LOOP.framework in Frameworks */,
			);
			runOnlyForDeploymentPostprocessing = 0;
		};
/* End PBXFrameworksBuildPhase section */

/* Begin PBXGroup section */
		49CD4820E2298A034679BEA0 /* Frameworks */ = {
			isa = PBXGroup;
			children = (
				AA29AACC1509A6CEB3998590 /* Pods_LOOP.framework */,
			);
			name = Frameworks;
			sourceTree = "<group>";
		};
		92C7E6691EDEA4C200D7170A = {
			isa = PBXGroup;
			children = (
				92C7E6741EDEA4C200D7170A /* LOOP */,
				92C7E6731EDEA4C200D7170A /* Products */,
				D7075E46B63199E05615169E /* Pods */,
				49CD4820E2298A034679BEA0 /* Frameworks */,
			);
			sourceTree = "<group>";
		};
		92C7E6731EDEA4C200D7170A /* Products */ = {
			isa = PBXGroup;
			children = (
				92C7E6721EDEA4C200D7170A /* LOOP.app */,
			);
			name = Products;
			sourceTree = "<group>";
		};
		92C7E6741EDEA4C200D7170A /* LOOP */ = {
			isa = PBXGroup;
			children = (
				92F51E1A1EF1264900F9DAEF /* util */,
				92C7E6971EDFF06200D7170A /* Model */,
				92C7E6941EDFDE5B00D7170A /* View */,
				92C7E68F1EDED70100D7170A /* Controller */,
				92C7E6791EDEA4C200D7170A /* Main.storyboard */,
				92C7E6751EDEA4C200D7170A /* AppDelegate.swift */,
				92C7E67F1EDEA4C200D7170A /* Assets.xcassets */,
				92C7E6811EDEA4C200D7170A /* LaunchScreen.storyboard */,
				92C7E6841EDEA4C200D7170A /* Info.plist */,
				92C7E67C1EDEA4C200D7170A /* LOOP.xcdatamodeld */,
			);
			path = LOOP;
			sourceTree = "<group>";
		};
		92C7E68F1EDED70100D7170A /* Controller */ = {
			isa = PBXGroup;
			children = (
				92C7E6771EDEA4C200D7170A /* MainVC.swift */,
				92C7E6A61EE146F300D7170A /* ChatVC.swift */,
				92C7E69E1EE13ACF00D7170A /* ProjectsVC.swift */,
				92C7E6A21EE13B3500D7170A /* MeetingsVC.swift */,
				92C7E6A01EE13AFE00D7170A /* ContactsVC.swift */,
				92C7E6A41EE13B5700D7170A /* SettingsVC.swift */,
				92C7E68A1EDEB03500D7170A /* signinVC.swift */,
				92C7E68C1EDEB04700D7170A /* signupVC.swift */,
				92C7E69A1EE0349000D7170A /* forgetpassVC.swift */,
				92D5B7101EE5236B00E4BD5D /* DisplayContactsVC.swift */,
				92D5B71C1EE5743C00E4BD5D /* DisplayMyContacts.swift */,
				92D5B7271EE6D0C300E4BD5D /* CreateTeamVC.swift */,
				92F51E131EEFD3C700F9DAEF /* ViewTeamMembersVC.swift */,
				92D5B7291EE7CF7000E4BD5D /* AddTeamMembersVC.swift */,
				92D5B72F1EEA7C3100E4BD5D /* AddMeetingVC.swift */,
				92D5B7331EEAA75C00E4BD5D /* ChooseMembersFromMyContactsVC.swift */,
				92F51E1B1EF14ACC00F9DAEF /* SelectTeamVC.swift */,
				92F51E1D1EF151F900F9DAEF /* ChooseTeamMemberVC.swift */,
			);
			name = Controller;
			sourceTree = "<group>";
		};
		92C7E6941EDFDE5B00D7170A /* View */ = {
			isa = PBXGroup;
			children = (
				92D5B70E1EE4278700E4BD5D /* TabBarVC.swift */,
				92D5B7311EEA7EEC00E4BD5D /* MeetingCell.swift */,
				92F51E151EF000C700F9DAEF /* ProjectCell.swift */,
				92D5B71A1EE542DC00E4BD5D /* PersonCell.swift */,
				92D5B7201EE580CA00E4BD5D /* MyContactsCell.swift */,
				92D5B72B1EE7D0B800E4BD5D /* AddMembersCell.swift */,
				92D5B7351EEAA7B600E4BD5D /* ChooseMemberCell.swift */,
				92F51E1F1EF1537F00F9DAEF /* ViewTeamMembersCell.swift */,
				92F51E231EF290AE00F9DAEF /* ChooseTeamMemberCell.swift */,
			);
			name = View;
			sourceTree = "<group>";
		};
		92C7E6971EDFF06200D7170A /* Model */ = {
			isa = PBXGroup;
			children = (
				92F51E181EF0047B00F9DAEF /* NotificationModel.swift */,
			);
			name = Model;
			sourceTree = "<group>";
		};
		92F51E1A1EF1264900F9DAEF /* util */ = {
			isa = PBXGroup;
			children = (
				92C7E6981EDFF98B00D7170A /* Constent.swift */,
			);
			name = util;
			sourceTree = "<group>";
		};
		D7075E46B63199E05615169E /* Pods */ = {
			isa = PBXGroup;
			children = (
				C6C283C86675D607308C88C3 /* Pods-LOOP.debug.xcconfig */,
				24F467655A33F5ABA6E850E1 /* Pods-LOOP.release.xcconfig */,
			);
			name = Pods;
			sourceTree = "<group>";
		};
/* End PBXGroup section */

/* Begin PBXNativeTarget section */
		92C7E6711EDEA4C200D7170A /* LOOP */ = {
			isa = PBXNativeTarget;
			buildConfigurationList = 92C7E6871EDEA4C200D7170A /* Build configuration list for PBXNativeTarget "LOOP" */;
			buildPhases = (
				C571F5DD3C5A2159B65F3AF0 /* [CP] Check Pods Manifest.lock */,
				92C7E66E1EDEA4C200D7170A /* Sources */,
				92C7E66F1EDEA4C200D7170A /* Frameworks */,
				92C7E6701EDEA4C200D7170A /* Resources */,
				B2C33F2A5C51F6C09EECA24C /* [CP] Embed Pods Frameworks */,
				A446E641E9BB5D61A8086E48 /* [CP] Copy Pods Resources */,
			);
			buildRules = (
			);
			dependencies = (
			);
			name = LOOP;
			productName = LOOP;
			productReference = 92C7E6721EDEA4C200D7170A /* LOOP.app */;
			productType = "com.apple.product-type.application";
		};
/* End PBXNativeTarget section */

/* Begin PBXProject section */
		92C7E66A1EDEA4C200D7170A /* Project object */ = {
			isa = PBXProject;
			attributes = {
				LastSwiftUpdateCheck = 0830;
				LastUpgradeCheck = 0830;
				ORGANIZATIONNAME = SoftkiwiTech;
				TargetAttributes = {
					92C7E6711EDEA4C200D7170A = {
						CreatedOnToolsVersion = 8.3.2;
						DevelopmentTeam = 3G95JV9S9H;
						ProvisioningStyle = Automatic;
					};
				};
			};
			buildConfigurationList = 92C7E66D1EDEA4C200D7170A /* Build configuration list for PBXProject "LOOP" */;
			compatibilityVersion = "Xcode 3.2";
			developmentRegion = English;
			hasScannedForEncodings = 0;
			knownRegions = (
				en,
				Base,
			);
			mainGroup = 92C7E6691EDEA4C200D7170A;
			productRefGroup = 92C7E6731EDEA4C200D7170A /* Products */;
			projectDirPath = "";
			projectRoot = "";
			targets = (
				92C7E6711EDEA4C200D7170A /* LOOP */,
			);
		};
/* End PBXProject section */

/* Begin PBXResourcesBuildPhase section */
		92C7E6701EDEA4C200D7170A /* Resources */ = {
			isa = PBXResourcesBuildPhase;
			buildActionMask = 2147483647;
			files = (
				92C7E6831EDEA4C200D7170A /* LaunchScreen.storyboard in Resources */,
				92C7E6801EDEA4C200D7170A /* Assets.xcassets in Resources */,
				92C7E67B1EDEA4C200D7170A /* Main.storyboard in Resources */,
			);
			runOnlyForDeploymentPostprocessing = 0;
		};
/* End PBXResourcesBuildPhase section */

/* Begin PBXShellScriptBuildPhase section */
		A446E641E9BB5D61A8086E48 /* [CP] Copy Pods Resources */ = {
			isa = PBXShellScriptBuildPhase;
			buildActionMask = 2147483647;
			files = (
			);
			inputPaths = (
			);
			name = "[CP] Copy Pods Resources";
			outputPaths = (
			);
			runOnlyForDeploymentPostprocessing = 0;
			shellPath = /bin/sh;
			shellScript = "\"${SRCROOT}/Pods/Target Support Files/Pods-LOOP/Pods-LOOP-resources.sh\"\n";
			showEnvVarsInLog = 0;
		};
		B2C33F2A5C51F6C09EECA24C /* [CP] Embed Pods Frameworks */ = {
			isa = PBXShellScriptBuildPhase;
			buildActionMask = 2147483647;
			files = (
			);
			inputPaths = (
			);
			name = "[CP] Embed Pods Frameworks";
			outputPaths = (
			);
			runOnlyForDeploymentPostprocessing = 0;
			shellPath = /bin/sh;
			shellScript = "\"${SRCROOT}/Pods/Target Support Files/Pods-LOOP/Pods-LOOP-frameworks.sh\"\n";
			showEnvVarsInLog = 0;
		};
		C571F5DD3C5A2159B65F3AF0 /* [CP] Check Pods Manifest.lock */ = {
			isa = PBXShellScriptBuildPhase;
			buildActionMask = 2147483647;
			files = (
			);
			inputPaths = (
			);
			name = "[CP] Check Pods Manifest.lock";
			outputPaths = (
			);
			runOnlyForDeploymentPostprocessing = 0;
			shellPath = /bin/sh;
			shellScript = "diff \"${PODS_ROOT}/../Podfile.lock\" \"${PODS_ROOT}/Manifest.lock\" > /dev/null\nif [ $? != 0 ] ; then\n    # print error to STDERR\n    echo \"error: The sandbox is not in sync with the Podfile.lock. Run 'pod install' or update your CocoaPods installation.\" >&2\n    exit 1\nfi\n";
			showEnvVarsInLog = 0;
		};
/* End PBXShellScriptBuildPhase section */

/* Begin PBXSourcesBuildPhase section */
		92C7E66E1EDEA4C200D7170A /* Sources */ = {
			isa = PBXSourcesBuildPhase;
			buildActionMask = 2147483647;
			files = (
				92D5B70F1EE4278700E4BD5D /* TabBarVC.swift in Sources */,
				92C7E6A51EE13B5700D7170A /* SettingsVC.swift in Sources */,
				92C7E67E1EDEA4C200D7170A /* LOOP.xcdatamodeld in Sources */,
				92D5B72C1EE7D0B800E4BD5D /* AddMembersCell.swift in Sources */,
				92C7E69B1EE0349000D7170A /* forgetpassVC.swift in Sources */,
				92C7E68D1EDEB04700D7170A /* signupVC.swift in Sources */,
				92C7E6781EDEA4C200D7170A /* MainVC.swift in Sources */,
				92F51E1E1EF151F900F9DAEF /* ChooseTeamMemberVC.swift in Sources */,
				92D5B72A1EE7CF7000E4BD5D /* AddTeamMembersVC.swift in Sources */,
				92F51E201EF1537F00F9DAEF /* ViewTeamMembersCell.swift in Sources */,
				92D5B71B1EE542DC00E4BD5D /* PersonCell.swift in Sources */,
				92F51E241EF290AE00F9DAEF /* ChooseTeamMemberCell.swift in Sources */,
				92C7E68B1EDEB03500D7170A /* signinVC.swift in Sources */,
				92C7E6991EDFF98B00D7170A /* Constent.swift in Sources */,
				92D5B7281EE6D0C300E4BD5D /* CreateTeamVC.swift in Sources */,
				92D5B7341EEAA75C00E4BD5D /* ChooseMembersFromMyContactsVC.swift in Sources */,
				92F51E1C1EF14ACC00F9DAEF /* SelectTeamVC.swift in Sources */,
				92D5B7111EE5236B00E4BD5D /* DisplayContactsVC.swift in Sources */,
				92C7E6A71EE146F300D7170A /* ChatVC.swift in Sources */,
				92D5B7301EEA7C3100E4BD5D /* AddMeetingVC.swift in Sources */,
				92F51E141EEFD3C700F9DAEF /* ViewTeamMembersVC.swift in Sources */,
				92C7E6A31EE13B3500D7170A /* MeetingsVC.swift in Sources */,
				92D5B7211EE580CA00E4BD5D /* MyContactsCell.swift in Sources */,
				92D5B7361EEAA7B600E4BD5D /* ChooseMemberCell.swift in Sources */,
				92F51E191EF0047B00F9DAEF /* NotificationModel.swift in Sources */,
				92C7E69F1EE13ACF00D7170A /* ProjectsVC.swift in Sources */,
				92F51E161EF000C700F9DAEF /* ProjectCell.swift in Sources */,
				92D5B71D1EE5743C00E4BD5D /* DisplayMyContacts.swift in Sources */,
				92C7E6761EDEA4C200D7170A /* AppDelegate.swift in Sources */,
				92C7E6A11EE13AFE00D7170A /* ContactsVC.swift in Sources */,
				92D5B7321EEA7EEC00E4BD5D /* MeetingCell.swift in Sources */,
			);
			runOnlyForDeploymentPostprocessing = 0;
		};
/* End PBXSourcesBuildPhase section */

/* Begin PBXVariantGroup section */
		92C7E6791EDEA4C200D7170A /* Main.storyboard */ = {
			isa = PBXVariantGroup;
			children = (
				92C7E67A1EDEA4C200D7170A /* Base */,
			);
			name = Main.storyboard;
			sourceTree = "<group>";
		};
		92C7E6811EDEA4C200D7170A /* LaunchScreen.storyboard */ = {
			isa = PBXVariantGroup;
			children = (
				92C7E6821EDEA4C200D7170A /* Base */,
			);
			name = LaunchScreen.storyboard;
			sourceTree = "<group>";
		};
/* End PBXVariantGroup section */

/* Begin XCBuildConfiguration section */
		92C7E6851EDEA4C200D7170A /* Debug */ = {
			isa = XCBuildConfiguration;
			buildSettings = {
				ALWAYS_SEARCH_USER_PATHS = NO;
				CLANG_ANALYZER_NONNULL = YES;
				CLANG_ANALYZER_NUMBER_OBJECT_CONVERSION = YES_AGGRESSIVE;
				CLANG_CXX_LANGUAGE_STANDARD = "gnu++0x";
				CLANG_CXX_LIBRARY = "libc++";
				CLANG_ENABLE_MODULES = YES;
				CLANG_ENABLE_OBJC_ARC = YES;
				CLANG_WARN_BOOL_CONVERSION = YES;
				CLANG_WARN_CONSTANT_CONVERSION = YES;
				CLANG_WARN_DIRECT_OBJC_ISA_USAGE = YES_ERROR;
				CLANG_WARN_DOCUMENTATION_COMMENTS = YES;
				CLANG_WARN_EMPTY_BODY = YES;
				CLANG_WARN_ENUM_CONVERSION = YES;
				CLANG_WARN_INFINITE_RECURSION = YES;
				CLANG_WARN_INT_CONVERSION = YES;
				CLANG_WARN_OBJC_ROOT_CLASS = YES_ERROR;
				CLANG_WARN_SUSPICIOUS_MOVE = YES;
				CLANG_WARN_UNREACHABLE_CODE = YES;
				CLANG_WARN__DUPLICATE_METHOD_MATCH = YES;
				"CODE_SIGN_IDENTITY[sdk=iphoneos*]" = "iPhone Developer";
				COPY_PHASE_STRIP = NO;
				DEBUG_INFORMATION_FORMAT = dwarf;
				ENABLE_STRICT_OBJC_MSGSEND = YES;
				ENABLE_TESTABILITY = YES;
				GCC_C_LANGUAGE_STANDARD = gnu99;
				GCC_DYNAMIC_NO_PIC = NO;
				GCC_NO_COMMON_BLOCKS = YES;
				GCC_OPTIMIZATION_LEVEL = 0;
				GCC_PREPROCESSOR_DEFINITIONS = (
					"DEBUG=1",
					"$(inherited)",
				);
				GCC_WARN_64_TO_32_BIT_CONVERSION = YES;
				GCC_WARN_ABOUT_RETURN_TYPE = YES_ERROR;
				GCC_WARN_UNDECLARED_SELECTOR = YES;
				GCC_WARN_UNINITIALIZED_AUTOS = YES_AGGRESSIVE;
				GCC_WARN_UNUSED_FUNCTION = YES;
				GCC_WARN_UNUSED_VARIABLE = YES;
				IPHONEOS_DEPLOYMENT_TARGET = 10.3;
				MTL_ENABLE_DEBUG_INFO = YES;
				ONLY_ACTIVE_ARCH = YES;
				SDKROOT = iphoneos;
				SWIFT_ACTIVE_COMPILATION_CONDITIONS = DEBUG;
				SWIFT_OPTIMIZATION_LEVEL = "-Onone";
				TARGETED_DEVICE_FAMILY = "1,2";
			};
			name = Debug;
		};
		92C7E6861EDEA4C200D7170A /* Release */ = {
			isa = XCBuildConfiguration;
			buildSettings = {
				ALWAYS_SEARCH_USER_PATHS = NO;
				CLANG_ANALYZER_NONNULL = YES;
				CLANG_ANALYZER_NUMBER_OBJECT_CONVERSION = YES_AGGRESSIVE;
				CLANG_CXX_LANGUAGE_STANDARD = "gnu++0x";
				CLANG_CXX_LIBRARY = "libc++";
				CLANG_ENABLE_MODULES = YES;
				CLANG_ENABLE_OBJC_ARC = YES;
				CLANG_WARN_BOOL_CONVERSION = YES;
				CLANG_WARN_CONSTANT_CONVERSION = YES;
				CLANG_WARN_DIRECT_OBJC_ISA_USAGE = YES_ERROR;
				CLANG_WARN_DOCUMENTATION_COMMENTS = YES;
				CLANG_WARN_EMPTY_BODY = YES;
				CLANG_WARN_ENUM_CONVERSION = YES;
				CLANG_WARN_INFINITE_RECURSION = YES;
				CLANG_WARN_INT_CONVERSION = YES;
				CLANG_WARN_OBJC_ROOT_CLASS = YES_ERROR;
				CLANG_WARN_SUSPICIOUS_MOVE = YES;
				CLANG_WARN_UNREACHABLE_CODE = YES;
				CLANG_WARN__DUPLICATE_METHOD_MATCH = YES;
				"CODE_SIGN_IDENTITY[sdk=iphoneos*]" = "iPhone Developer";
				COPY_PHASE_STRIP = NO;
				DEBUG_INFORMATION_FORMAT = "dwarf-with-dsym";
				ENABLE_NS_ASSERTIONS = NO;
				ENABLE_STRICT_OBJC_MSGSEND = YES;
				GCC_C_LANGUAGE_STANDARD = gnu99;
				GCC_NO_COMMON_BLOCKS = YES;
				GCC_WARN_64_TO_32_BIT_CONVERSION = YES;
				GCC_WARN_ABOUT_RETURN_TYPE = YES_ERROR;
				GCC_WARN_UNDECLARED_SELECTOR = YES;
				GCC_WARN_UNINITIALIZED_AUTOS = YES_AGGRESSIVE;
				GCC_WARN_UNUSED_FUNCTION = YES;
				GCC_WARN_UNUSED_VARIABLE = YES;
				IPHONEOS_DEPLOYMENT_TARGET = 10.3;
				MTL_ENABLE_DEBUG_INFO = NO;
				SDKROOT = iphoneos;
				SWIFT_OPTIMIZATION_LEVEL = "-Owholemodule";
				TARGETED_DEVICE_FAMILY = "1,2";
				VALIDATE_PRODUCT = YES;
			};
			name = Release;
		};
		92C7E6881EDEA4C200D7170A /* Debug */ = {
			isa = XCBuildConfiguration;
			baseConfigurationReference = C6C283C86675D607308C88C3 /* Pods-LOOP.debug.xcconfig */;
			buildSettings = {
				ASSETCATALOG_COMPILER_APPICON_NAME = AppIcon;
				DEVELOPMENT_TEAM = 3G95JV9S9H;
				INFOPLIST_FILE = LOOP/Info.plist;
				LD_RUNPATH_SEARCH_PATHS = "$(inherited) @executable_path/Frameworks";
				PRODUCT_BUNDLE_IDENTIFIER = com.SoftkiwiTech.LOOP;
				PRODUCT_NAME = "$(TARGET_NAME)";
				SWIFT_VERSION = 3.0;
			};
			name = Debug;
		};
		92C7E6891EDEA4C200D7170A /* Release */ = {
			isa = XCBuildConfiguration;
			baseConfigurationReference = 24F467655A33F5ABA6E850E1 /* Pods-LOOP.release.xcconfig */;
			buildSettings = {
				ASSETCATALOG_COMPILER_APPICON_NAME = AppIcon;
				DEVELOPMENT_TEAM = 3G95JV9S9H;
				INFOPLIST_FILE = LOOP/Info.plist;
				LD_RUNPATH_SEARCH_PATHS = "$(inherited) @executable_path/Frameworks";
				PRODUCT_BUNDLE_IDENTIFIER = com.SoftkiwiTech.LOOP;
				PRODUCT_NAME = "$(TARGET_NAME)";
				SWIFT_VERSION = 3.0;
			};
			name = Release;
		};
/* End XCBuildConfiguration section */

/* Begin XCConfigurationList section */
		92C7E66D1EDEA4C200D7170A /* Build configuration list for PBXProject "LOOP" */ = {
			isa = XCConfigurationList;
			buildConfigurations = (
				92C7E6851EDEA4C200D7170A /* Debug */,
				92C7E6861EDEA4C200D7170A /* Release */,
			);
			defaultConfigurationIsVisible = 0;
			defaultConfigurationName = Release;
		};
		92C7E6871EDEA4C200D7170A /* Build configuration list for PBXNativeTarget "LOOP" */ = {
			isa = XCConfigurationList;
			buildConfigurations = (
				92C7E6881EDEA4C200D7170A /* Debug */,
				92C7E6891EDEA4C200D7170A /* Release */,
			);
			defaultConfigurationIsVisible = 0;
			defaultConfigurationName = Release;
		};
/* End XCConfigurationList section */

/* Begin XCVersionGroup section */
		92C7E67C1EDEA4C200D7170A /* LOOP.xcdatamodeld */ = {
			isa = XCVersionGroup;
			children = (
				92C7E67D1EDEA4C200D7170A /* LOOP.xcdatamodel */,
			);
			currentVersion = 92C7E67D1EDEA4C200D7170A /* LOOP.xcdatamodel */;
			path = LOOP.xcdatamodeld;
			sourceTree = "<group>";
			versionGroupType = wrapper.xcdatamodel;
		};
/* End XCVersionGroup section */
	};
	rootObject = 92C7E66A1EDEA4C200D7170A /* Project object */;
}
